<?xml version="1.0" encoding="UTF-8" standalone="yes" ?>
<CodeBlocks_project_file>
	<FileVersion major="1" minor="6" />
	<Project>
		<Option title="Shell" />
		<Option pch_mode="2" />
		<Option compiler="gcc" />
		<Build>
			<Target title="Debug">
				<Option output="bin/Debug/Shell" prefix_auto="1" extension_auto="1" />
				<Option object_output="obj/Debug/" />
				<Option type="1" />
				<Option compiler="gcc" />
				<Compiler>
					<Add option="-g" />
				</Compiler>
			</Target>
			<Target title="Release">
				<Option output="bin/Release/Shell" prefix_auto="1" extension_auto="1" />
				<Option object_output="obj/Release/" />
				<Option type="1" />
				<Option compiler="gcc" />
				<Compiler>
					<Add option="-O2" />
				</Compiler>
				<Linker>
					<Add option="-s" />
				</Linker>
			</Target>
		</Build>
		<Compiler>
			<Add option="-Wall" />
		</Compiler>
		<Unit filename="commands/cat.c">
			<Option compilerVar="CC" />
		</Unit>
		<Unit filename="commands/cd.c">
			<Option compilerVar="CC" />
		</Unit>
		<Unit filename="commands/chmod.c">
			<Option compilerVar="CC" />
		</Unit>
		<Unit filename="commands/clear.c">
			<Option compilerVar="CC" />
		</Unit>
		<Unit filename="commands/cp.c">
			<Option compilerVar="CC" />
		</Unit>
		<Unit filename="commands/echo.c">
			<Option compilerVar="CC" />
		</Unit>
		<Unit filename="commands/help.c">
			<Option compilerVar="CC" />
		</Unit>
		<Unit filename="commands/home.c">
			<Option compilerVar="CC" />
		</Unit>
		<Unit filename="commands/ln.c">
			<Option compilerVar="CC" />
		</Unit>
		<Unit filename="commands/ls.c">
			<Option compilerVar="CC" />
		</Unit>
		<Unit filename="commands/mkdir.c">
			<Option compilerVar="CC" />
		</Unit>
		<Unit filename="commands/mv.c">
			<Option compilerVar="CC" />
		</Unit>
		<Unit filename="commands/path.c">
			<Option compilerVar="CC" />
		</Unit>
		<Unit filename="commands/pwd.c">
			<Option compilerVar="CC" />
		</Unit>
		<Unit filename="commands/rm.c">
			<Option compilerVar="CC" />
		</Unit>
		<Unit filename="commands/rmdir.c">
			<Option compilerVar="CC" />
		</Unit>
		<Unit filename="commands/touch.c">
			<Option compilerVar="CC" />
		</Unit>
		<Unit filename="main.c">
			<Option compilerVar="CC" />
		</Unit>
		<Unit filename="shell.h" />
		<Extensions>
			<code_completion />
			<debugger />
		</Extensions>
	</Project>
</CodeBlocks_project_file>
